{
  "name": "@avelka/goban",
  "version": "0.0.1",
  "lockfileVersion": 1,
  "requires": true,
  "dependencies": {
    "@sabaki/sgf": {
      "version": "3.4.4",
      "resolved": "https://registry.npmjs.org/@sabaki/sgf/-/sgf-3.4.4.tgz",
      "integrity": "sha512-WE0c69vKEApnMdOJ9bVe3h6lXO+AetohuDI/lOXOuyw5QGGQ33kQOYqjr7Kdbt9/4I7Yng3GBv9Hk4Sec5b2Kw==",
      "requires": {
        "doken": "^1.0.0",
        "iconv-lite": "0.4.x",
        "jschardet": ">=1.0 <3"
      }
    },
    "@stencil/core": {
      "version": "1.8.9",
      "resolved": "https://registry.npmjs.org/@stencil/core/-/core-1.8.9.tgz",
      "integrity": "sha512-XRw+4B6+T4/+hXQeKAuYH7YTCU6dfptGNY5FpgYPnJPLOdyu6AQ7oph7HIFQoQlXkJfWuAVoCpZM69vHjB9d5g==",
      "dev": true,
      "requires": {
        "typescript": "3.7.5"
      }
    },
    "argparse": {
      "version": "1.0.10",
      "resolved": "https://registry.npmjs.org/argparse/-/argparse-1.0.10.tgz",
      "integrity": "sha512-o5Roy6tNG4SL/FOkCAN6RzjiakZS25RLYFrcMttJqbdd8BWrnA+fGz57iN5Pb06pvBGvl5gQ0B48dJlslXvoTg==",
      "requires": {
        "sprintf-js": "~1.0.2"
      }
    },
    "debounce-decorator": {
      "version": "1.0.6",
      "resolved": "https://registry.npmjs.org/debounce-decorator/-/debounce-decorator-1.0.6.tgz",
      "integrity": "sha512-xlJprzmFMdcaHiA/f/Hyhg/A3wh8dpfHMVmN3IV1KijJRrEgHl3gEE7lHkZOfnPR3fi4A1JiUn07ZYpayx8tXQ==",
      "dev": true
    },
    "doken": {
      "version": "1.0.0",
      "resolved": "https://registry.npmjs.org/doken/-/doken-1.0.0.tgz",
      "integrity": "sha512-KoWqzS6SrHWKqbRU8DlXAEja0IorWvSN4O37ptueAc/unSnbd4lOYGFKNaRrOH2CayIrdkQje3EoTlg6Xpn3xg=="
    },
    "entities": {
      "version": "2.0.0",
      "resolved": "https://registry.npmjs.org/entities/-/entities-2.0.0.tgz",
      "integrity": "sha512-D9f7V0JSRwIxlRI2mjMqufDrRDnx8p+eEOz7aUM9SuvF8gsBzra0/6tbjl1m8eQHrZlYj6PxqE00hZ1SAIKPLw=="
    },
    "iconv-lite": {
      "version": "0.4.24",
      "resolved": "https://registry.npmjs.org/iconv-lite/-/iconv-lite-0.4.24.tgz",
      "integrity": "sha512-v3MXnZAcvnywkTUEZomIActle7RXXeedOR31wwl7VlyoXO4Qi9arvSenNQWne1TcRwhCL1HwLI21bEqdpj8/rA==",
      "optional": true,
      "requires": {
        "safer-buffer": ">= 2.1.2 < 3"
      }
    },
    "jschardet": {
      "version": "2.1.1",
      "resolved": "https://registry.npmjs.org/jschardet/-/jschardet-2.1.1.tgz",
      "integrity": "sha512-pA5qG9Zwm8CBpGlK/lo2GE9jPxwqRgMV7Lzc/1iaPccw6v4Rhj8Zg2BTyrdmHmxlJojnbLupLeRnaPLsq03x6Q==",
      "optional": true
    },
    "linkify-it": {
      "version": "2.2.0",
      "resolved": "https://registry.npmjs.org/linkify-it/-/linkify-it-2.2.0.tgz",
      "integrity": "sha512-GnAl/knGn+i1U/wjBz3akz2stz+HrHLsxMwHQGofCDfPvlf+gDKN58UtfmUquTY4/MXeE2x7k19KQmeoZi94Iw==",
      "requires": {
        "uc.micro": "^1.0.1"
      }
    },
    "markdown-it": {
      "version": "10.0.0",
      "resolved": "https://registry.npmjs.org/markdown-it/-/markdown-it-10.0.0.tgz",
      "integrity": "sha512-YWOP1j7UbDNz+TumYP1kpwnP0aEa711cJjrAQrzd0UXlbJfc5aAq0F/PZHjiioqDC1NKgvIMX+o+9Bk7yuM2dg==",
      "requires": {
        "argparse": "^1.0.7",
        "entities": "~2.0.0",
        "linkify-it": "^2.0.0",
        "mdurl": "^1.0.1",
        "uc.micro": "^1.0.5"
      }
    },
    "mdurl": {
      "version": "1.0.1",
      "resolved": "https://registry.npmjs.org/mdurl/-/mdurl-1.0.1.tgz",
      "integrity": "sha1-/oWy7HWlkDfyrf7BAP1sYBdhFS4="
    },
    "safer-buffer": {
      "version": "2.1.2",
      "resolved": "https://registry.npmjs.org/safer-buffer/-/safer-buffer-2.1.2.tgz",
      "integrity": "sha512-YZo3K82SD7Riyi0E1EQPojLz7kpepnSQI9IyPbHHg1XXXevb5dJI7tpyN2ADxGcQbHG7vcyRHk0cbwqcQriUtg==",
      "optional": true
    },
    "sprintf-js": {
      "version": "1.0.3",
      "resolved": "https://registry.npmjs.org/sprintf-js/-/sprintf-js-1.0.3.tgz",
      "integrity": "sha1-BOaSb2YolTVPPdAVIDYzuFcpfiw="
    },
    "typescript": {
      "version": "3.7.5",
      "resolved": "https://registry.npmjs.org/typescript/-/typescript-3.7.5.tgz",
      "integrity": "sha512-/P5lkRXkWHNAbcJIiHPfRoKqyd7bsyCma1hZNUGfn20qm64T6ZBlrzprymeu918H+mB/0rIg2gGK/BXkhhYgBw==",
      "dev": true
    },
    "uc.micro": {
      "version": "1.0.6",
      "resolved": "https://registry.npmjs.org/uc.micro/-/uc.micro-1.0.6.tgz",
      "integrity": "sha512-8Y75pvTYkLJW2hWQHXxoqRgV7qb9B+9vFEtidML+7koHUFapnVJAZ6cKs+Qjz5Aw3aZWHMC6u0wJE3At+nSGwA=="
    }
  }
}
